{
  "name": "ts-esnode",
  "version": "1.0.2",
  "lockfileVersion": 1,
  "requires": true,
  "dependencies": {
    "@types/node": {
      "version": "13.1.8",
      "resolved": "https://registry.npmjs.org/@types/node/-/node-13.1.8.tgz",
      "integrity": "sha512-6XzyyNM9EKQW4HKuzbo/CkOIjn/evtCmsU+MUM1xDfJ+3/rNjBttM1NgN7AOQvN6tP1Sl1D1PIKMreTArnxM9A==",
      "dev": true
    },
    "prettier": {
      "version": "1.19.1",
      "resolved": "https://registry.npmjs.org/prettier/-/prettier-1.19.1.tgz",
      "integrity": "sha512-s7PoyDv/II1ObgQunCbB9PdLmUcBZcnWOcxDh7O0N/UwDEsHyqkW+Qh28jW+mVuCdx7gLB0BotYI1Y6uI9iyew==",
      "dev": true
    },
    "typescript": {
      "version": "3.8.0-dev.20200118",
      "resolved": "https://registry.npmjs.org/typescript/-/typescript-3.8.0-dev.20200118.tgz",
      "integrity": "sha512-ip3RvbS7dBp4T/z+X5Gil2nCAOPBXNMLUzlvbpH5ekevlVrkwf4fGsq1Kfsw6HcN2MoGtyHhXNQUx6xRLWKRhA==",
      "dev": true
    }
  }
}
